
Microsoft Visual Studio Solution File, Format Version 12.00
# Visual Studio 15
VisualStudioVersion = 15.0.27004.2005
MinimumVisualStudioVersion = 10.0.40219.1
Project("{FAE04EC0-301F-11D3-BF4B-00C04F79EFBC}") = "Schedule_CodeFirstModel", "Schedule_CodeFirstModel\Schedule_CodeFirstModel.csproj", "{9638B405-4FEA-4B8F-848B-235414A6DA07}"
EndProject
Project("{FAE04EC0-301F-11D3-BF4B-00C04F79EFBC}") = "Schedule.Tests", "Schedule.Tests\Schedule.Tests.csproj", "{8FBFA42E-E5CA-4AEC-A969-09EF22B9CC6C}"
EndProject
Global
	GlobalSection(SolutionConfigurationPlatforms) = preSolution
		Debug|Any CPU = Debug|Any CPU
		Release|Any CPU = Release|Any CPU
	EndGlobalSection
	GlobalSection(ProjectConfigurationPlatforms) = postSolution
		{9638B405-4FEA-4B8F-848B-235414A6DA07}.Debug|Any CPU.ActiveCfg = Debug|Any CPU
		{9638B405-4FEA-4B8F-848B-235414A6DA07}.Debug|Any CPU.Build.0 = Debug|Any CPU
		{9638B405-4FEA-4B8F-848B-235414A6DA07}.Release|Any CPU.ActiveCfg = Release|Any CPU
		{9638B405-4FEA-4B8F-848B-235414A6DA07}.Release|Any CPU.Build.0 = Release|Any CPU
		{8FBFA42E-E5CA-4AEC-A969-09EF22B9CC6C}.Debug|Any CPU.ActiveCfg = Debug|Any CPU
		{8FBFA42E-E5CA-4AEC-A969-09EF22B9CC6C}.Debug|Any CPU.Build.0 = Debug|Any CPU
		{8FBFA42E-E5CA-4AEC-A969-09EF22B9CC6C}.Release|Any CPU.ActiveCfg = Release|Any CPU
		{8FBFA42E-E5CA-4AEC-A969-09EF22B9CC6C}.Release|Any CPU.Build.0 = Release|Any CPU
	EndGlobalSection
	GlobalSection(SolutionProperties) = preSolution
		HideSolutionNode = FALSE
	EndGlobalSection
	GlobalSection(ExtensibilityGlobals) = postSolution
		SolutionGuid = {E3376A6C-B48E-4050-AFC0-E8A740470DAB}
	EndGlobalSection
EndGlobal
